
Microsoft Visual Studio Solution File, Format Version 12.00
# Visual Studio 15
VisualStudioVersion = 15.0.26403.7
MinimumVisualStudioVersion = 10.0.40219.1
Project("{FAE04EC0-301F-11D3-BF4B-00C04F79EFBC}") = "AlphaNestLpMaria", "AlphaNestLpMaria\AlphaNestLpMaria.csproj", "{14181881-AB5A-479D-867E-1326501A1BBD}"
EndProject
Global
	GlobalSection(SolutionConfigurationPlatforms) = preSolution
		Debug|Any CPU = Debug|Any CPU
		Release|Any CPU = Release|Any CPU
	EndGlobalSection
	GlobalSection(ProjectConfigurationPlatforms) = postSolution
		{14181881-AB5A-479D-867E-1326501A1BBD}.Debug|Any CPU.ActiveCfg = Debug|Any CPU
		{14181881-AB5A-479D-867E-1326501A1BBD}.Debug|Any CPU.Build.0 = Debug|Any CPU
		{14181881-AB5A-479D-867E-1326501A1BBD}.Release|Any CPU.ActiveCfg = Release|Any CPU
		{14181881-AB5A-479D-867E-1326501A1BBD}.Release|Any CPU.Build.0 = Release|Any CPU
	EndGlobalSection
	GlobalSection(SolutionProperties) = preSolution
		HideSolutionNode = FALSE
	EndGlobalSection
EndGlobal
